// !$*UTF8*$!
{
	archiveVersion = 1;
	classes = {
	};
	objectVersion = 46;
	objects = {

/* Begin PBXBuildFile section */
		02D9B75A1B332D47005CEAA4 /* graph.c in Sources */ = {isa = PBXBuildFile; fileRef = 02D9B7561B332D47005CEAA4 /* graph.c */; };
		02D9B75B1B332D47005CEAA4 /* simulation.c in Sources */ = {isa = PBXBuildFile; fileRef = 02D9B7581B332D47005CEAA4 /* simulation.c */; };
/* End PBXBuildFile section */

/* Begin PBXCopyFilesBuildPhase section */
		02D9B74A1B332D2A005CEAA4 /* CopyFiles */ = {
			isa = PBXCopyFilesBuildPhase;
			buildActionMask = 2147483647;
			dstPath = /usr/share/man/man1/;
			dstSubfolderSpec = 0;
			files = (
			);
			runOnlyForDeploymentPostprocessing = 1;
		};
/* End PBXCopyFilesBuildPhase section */

/* Begin PBXFileReference section */
		02D9B74C1B332D2A005CEAA4 /* BigGraph */ = {isa = PBXFileReference; explicitFileType = "compiled.mach-o.executable"; includeInIndex = 0; path = BigGraph; sourceTree = BUILT_PRODUCTS_DIR; };
		02D9B7561B332D47005CEAA4 /* graph.c */ = {isa = PBXFileReference; fileEncoding = 4; lastKnownFileType = sourcecode.c.c; name = graph.c; path = ../../graph.c; sourceTree = "<group>"; };
		02D9B7571B332D47005CEAA4 /* graph.h */ = {isa = PBXFileReference; fileEncoding = 4; lastKnownFileType = sourcecode.c.h; name = graph.h; path = ../../graph.h; sourceTree = "<group>"; };
		02D9B7581B332D47005CEAA4 /* simulation.c */ = {isa = PBXFileReference; fileEncoding = 4; lastKnownFileType = sourcecode.c.c; name = simulation.c; path = ../../simulation.c; sourceTree = "<group>"; };
		02D9B7591B332D47005CEAA4 /* simulation.h */ = {isa = PBXFileReference; fileEncoding = 4; lastKnownFileType = sourcecode.c.h; name = simulation.h; path = ../../simulation.h; sourceTree = "<group>"; };
/* End PBXFileReference section */

/* Begin PBXFrameworksBuildPhase section */
		02D9B7491B332D2A005CEAA4 /* Frameworks */ = {
			isa = PBXFrameworksBuildPhase;
			buildActionMask = 2147483647;
			files = (
			);
			runOnlyForDeploymentPostprocessing = 0;
		};
/* End PBXFrameworksBuildPhase section */

/* Begin PBXGroup section */
		02D9B7431B332D2A005CEAA4 = {
			isa = PBXGroup;
			children = (
				02D9B74E1B332D2A005CEAA4 /* BigGraph */,
				02D9B74D1B332D2A005CEAA4 /* Products */,
			);
			sourceTree = "<group>";
		};
		02D9B74D1B332D2A005CEAA4 /* Products */ = {
			isa = PBXGroup;
			children = (
				02D9B74C1B332D2A005CEAA4 /* BigGraph */,
			);
			name = Products;
			sourceTree = "<group>";
		};
		02D9B74E1B332D2A005CEAA4 /* BigGraph */ = {
			isa = PBXGroup;
			children = (
				02D9B7561B332D47005CEAA4 /* graph.c */,
				02D9B7571B332D47005CEAA4 /* graph.h */,
				02D9B7581B332D47005CEAA4 /* simulation.c */,
				02D9B7591B332D47005CEAA4 /* simulation.h */,
			);
			path = BigGraph;
			sourceTree = "<group>";
		};
/* End PBXGroup section */

/* Begin PBXNativeTarget section */
		02D9B74B1B332D2A005CEAA4 /* BigGraph */ = {
			isa = PBXNativeTarget;
			buildConfigurationList = 02D9B7531B332D2A005CEAA4 /* Build configuration list for PBXNativeTarget "BigGraph" */;
			buildPhases = (
				02D9B7481B332D2A005CEAA4 /* Sources */,
				02D9B7491B332D2A005CEAA4 /* Frameworks */,
				02D9B74A1B332D2A005CEAA4 /* CopyFiles */,
			);
			buildRules = (
			);
			dependencies = (
			);
			name = BigGraph;
			productName = BigGraph;
			productReference = 02D9B74C1B332D2A005CEAA4 /* BigGraph */;
			productType = "com.apple.product-type.tool";
		};
/* End PBXNativeTarget section */

/* Begin PBXProject section */
		02D9B7441B332D2A005CEAA4 /* Project object */ = {
			isa = PBXProject;
			attributes = {
				LastUpgradeCheck = 0630;
				ORGANIZATIONNAME = "Flipped Bit";
				TargetAttributes = {
					02D9B74B1B332D2A005CEAA4 = {
						CreatedOnToolsVersion = 6.3.2;
					};
				};
			};
			buildConfigurationList = 02D9B7471B332D2A005CEAA4 /* Build configuration list for PBXProject "BigGraph" */;
			compatibilityVersion = "Xcode 3.2";
			developmentRegion = English;
			hasScannedForEncodings = 0;
			knownRegions = (
				en,
			);
			mainGroup = 02D9B7431B332D2A005CEAA4;
			productRefGroup = 02D9B74D1B332D2A005CEAA4 /* Products */;
			projectDirPath = "";
			projectRoot = "";
			targets = (
				02D9B74B1B332D2A005CEAA4 /* BigGraph */,
			);
		};
/* End PBXProject section */

/* Begin PBXSourcesBuildPhase section */
		02D9B7481B332D2A005CEAA4 /* Sources */ = {
			isa = PBXSourcesBuildPhase;
			buildActionMask = 2147483647;
			files = (
				02D9B75B1B332D47005CEAA4 /* simulation.c in Sources */,
				02D9B75A1B332D47005CEAA4 /* graph.c in Sources */,
			);
			runOnlyForDeploymentPostprocessing = 0;
		};
/* End PBXSourcesBuildPhase section */

/* Begin XCBuildConfiguration section */
		02D9B7511B332D2A005CEAA4 /* Debug */ = {
			isa = XCBuildConfiguration;
			buildSettings = {
				ALWAYS_SEARCH_USER_PATHS = NO;
				CLANG_CXX_LANGUAGE_STANDARD = "gnu++0x";
				CLANG_CXX_LIBRARY = "libc++";
				CLANG_ENABLE_MODULES = YES;
				CLANG_ENABLE_OBJC_ARC = YES;
				CLANG_WARN_BOOL_CONVERSION = YES;
				CLANG_WARN_CONSTANT_CONVERSION = YES;
				CLANG_WARN_DIRECT_OBJC_ISA_USAGE = YES_ERROR;
				CLANG_WARN_EMPTY_BODY = YES;
				CLANG_WARN_ENUM_CONVERSION = YES;
				CLANG_WARN_INT_CONVERSION = YES;
				CLANG_WARN_OBJC_ROOT_CLASS = YES_ERROR;
				CLANG_WARN_UNREACHABLE_CODE = YES;
				CLANG_WARN__DUPLICATE_METHOD_MATCH = YES;
				COPY_PHASE_STRIP = NO;
				DEBUG_INFORMATION_FORMAT = dwarf;
				ENABLE_STRICT_OBJC_MSGSEND = YES;
				GCC_C_LANGUAGE_STANDARD = gnu99;
				GCC_DYNAMIC_NO_PIC = NO;
				GCC_NO_COMMON_BLOCKS = YES;
				GCC_OPTIMIZATION_LEVEL = 0;
				GCC_PREPROCESSOR_DEFINITIONS = (
					"DEBUG=1",
					"$(inherited)",
				);
				GCC_SYMBOLS_PRIVATE_EXTERN = NO;
				GCC_WARN_64_TO_32_BIT_CONVERSION = YES;
				GCC_WARN_ABOUT_RETURN_TYPE = YES_ERROR;
				GCC_WARN_UNDECLARED_SELECTOR = YES;
				GCC_WARN_UNINITIALIZED_AUTOS = YES_AGGRESSIVE;
				GCC_WARN_UNUSED_FUNCTION = YES;
				GCC_WARN_UNUSED_VARIABLE = YES;
				MACOSX_DEPLOYMENT_TARGET = 10.10;
				MTL_ENABLE_DEBUG_INFO = YES;
				ONLY_ACTIVE_ARCH = YES;
				SDKROOT = macosx;
			};
			name = Debug;
		};
		02D9B7521B332D2A005CEAA4 /* Release */ = {
			isa = XCBuildConfiguration;
			buildSettings = {
				ALWAYS_SEARCH_USER_PATHS = NO;
				CLANG_CXX_LANGUAGE_STANDARD = "gnu++0x";
				CLANG_CXX_LIBRARY = "libc++";
				CLANG_ENABLE_MODULES = YES;
				CLANG_ENABLE_OBJC_ARC = YES;
				CLANG_WARN_BOOL_CONVERSION = YES;
				CLANG_WARN_CONSTANT_CONVERSION = YES;
				CLANG_WARN_DIRECT_OBJC_ISA_USAGE = YES_ERROR;
				CLANG_WARN_EMPTY_BODY = YES;
				CLANG_WARN_ENUM_CONVERSION = YES;
				CLANG_WARN_INT_CONVERSION = YES;
				CLANG_WARN_OBJC_ROOT_CLASS = YES_ERROR;
				CLANG_WARN_UNREACHABLE_CODE = YES;
				CLANG_WARN__DUPLICATE_METHOD_MATCH = YES;
				COPY_PHASE_STRIP = NO;
				DEBUG_INFORMATION_FORMAT = "dwarf-with-dsym";
				ENABLE_NS_ASSERTIONS = NO;
				ENABLE_STRICT_OBJC_MSGSEND = YES;
				GCC_C_LANGUAGE_STANDARD = gnu99;
				GCC_NO_COMMON_BLOCKS = YES;
				GCC_WARN_64_TO_32_BIT_CONVERSION = YES;
				GCC_WARN_ABOUT_RETURN_TYPE = YES_ERROR;
				GCC_WARN_UNDECLARED_SELECTOR = YES;
				GCC_WARN_UNINITIALIZED_AUTOS = YES_AGGRESSIVE;
				GCC_WARN_UNUSED_FUNCTION = YES;
				GCC_WARN_UNUSED_VARIABLE = YES;
				MACOSX_DEPLOYMENT_TARGET = 10.10;
				MTL_ENABLE_DEBUG_INFO = NO;
				SDKROOT = macosx;
			};
			name = Release;
		};
		02D9B7541B332D2A005CEAA4 /* Debug */ = {
			isa = XCBuildConfiguration;
			buildSettings = {
				PRODUCT_NAME = "$(TARGET_NAME)";
			};
			name = Debug;
		};
		02D9B7551B332D2A005CEAA4 /* Release */ = {
			isa = XCBuildConfiguration;
			buildSettings = {
				PRODUCT_NAME = "$(TARGET_NAME)";
			};
			name = Release;
		};
/* End XCBuildConfiguration section */

/* Begin XCConfigurationList section */
		02D9B7471B332D2A005CEAA4 /* Build configuration list for PBXProject "BigGraph" */ = {
			isa = XCConfigurationList;
			buildConfigurations = (
				02D9B7511B332D2A005CEAA4 /* Debug */,
				02D9B7521B332D2A005CEAA4 /* Release */,
			);
			defaultConfigurationIsVisible = 0;
			defaultConfigurationName = Release;
		};
		02D9B7531B332D2A005CEAA4 /* Build configuration list for PBXNativeTarget "BigGraph" */ = {
			isa = XCConfigurationList;
			buildConfigurations = (
				02D9B7541B332D2A005CEAA4 /* Debug */,
				02D9B7551B332D2A005CEAA4 /* Release */,
			);
			defaultConfigurationIsVisible = 0;
		};
/* End XCConfigurationList section */
	};
	rootObject = 02D9B7441B332D2A005CEAA4 /* Project object */;
}
